{
  "originHash" : "adf24af0d78db5acff95d1dd3c760b00cd0a50ad4f010a2671ca9af2ab80af9c",
  "pins" : [
    {
      "identity" : "alamofire",
      "kind" : "remoteSourceControl",
      "location" : "https://github.com/Alamofire/Alamofire.git",
      "state" : {
        "revision" : "513364f870f6bfc468f9d2ff0a95caccc10044c5",
        "version" : "5.10.2"
      }
    },
    {
      "identity" : "kakao-ios-sdk",
      "kind" : "remoteSourceControl",
      "location" : "https://github.com/kakao/kakao-ios-sdk.git",
      "state" : {
        "revision" : "bfe2fe42f730ccfe59e85f6e9eda2f4578e9a307",
        "version" : "2.24.0"
      }
    }
  ],
  "version" : 3
}
