{
  "originHash" : "1fdf05eb26e8fbc256c911ee6f41aebf2b95c5f73e93e6ea8879eb68ea4e9fe2",
  "pins" : [
    {
      "identity" : "alamofire",
      "kind" : "remoteSourceControl",
      "location" : "https://github.com/Alamofire/Alamofire.git",
      "state" : {
        "revision" : "513364f870f6bfc468f9d2ff0a95caccc10044c5",
        "version" : "5.10.2"
      }
    },
    {
      "identity" : "kakao-ios-sdk",
      "kind" : "remoteSourceControl",
      "location" : "https://github.com/kakao/kakao-ios-sdk.git",
      "state" : {
        "revision" : "bfe2fe42f730ccfe59e85f6e9eda2f4578e9a307",
        "version" : "2.24.0"
      }
    }
  ],
  "version" : 3
}
